// !$*UTF8*$!
{
	archiveVersion = 1;
	classes = {
	};
	objectVersion = 52;
	objects = {

/* Begin PBXBuildFile section */
		45D962792593DFFA00D3974D /* MainViewModel.swift in Sources */ = {isa = PBXBuildFile; fileRef = 45D962782593DFFA00D3974D /* MainViewModel.swift */; };
		45D962C02593E5E900D3974D /* Kingfisher in Frameworks */ = {isa = PBXBuildFile; productRef = 45D962BF2593E5E900D3974D /* Kingfisher */; };
		45D962C22593E5E900D3974D /* KingfisherStatic in Frameworks */ = {isa = PBXBuildFile; productRef = 45D962C12593E5E900D3974D /* KingfisherStatic */; };
		45D962C92593E75600D3974D /* ListVc.swift in Sources */ = {isa = PBXBuildFile; fileRef = 45D962C72593E75600D3974D /* ListVc.swift */; };
		45D962CA2593E75600D3974D /* ListVc.xib in Resources */ = {isa = PBXBuildFile; fileRef = 45D962C82593E75600D3974D /* ListVc.xib */; };
		45D962CE2593E7C600D3974D /* SubTypeViewModel.swift in Sources */ = {isa = PBXBuildFile; fileRef = 45D962CD2593E7C600D3974D /* SubTypeViewModel.swift */; };
		45D962D32593E98000D3974D /* ContentTableViewCell.swift in Sources */ = {isa = PBXBuildFile; fileRef = 45D962D12593E98000D3974D /* ContentTableViewCell.swift */; };
		45D962D42593E98000D3974D /* ContentTableViewCell.xib in Resources */ = {isa = PBXBuildFile; fileRef = 45D962D22593E98000D3974D /* ContentTableViewCell.xib */; };
		45D962D82593EB4900D3974D /* ContentTableViewCellViewModel.swift in Sources */ = {isa = PBXBuildFile; fileRef = 45D962D72593EB4900D3974D /* ContentTableViewCellViewModel.swift */; };
		45D962DC2593F62C00D3974D /* ContentViewModel.swift in Sources */ = {isa = PBXBuildFile; fileRef = 45D962DB2593F62C00D3974D /* ContentViewModel.swift */; };
		45D962E125940C5F00D3974D /* WebVc.swift in Sources */ = {isa = PBXBuildFile; fileRef = 45D962E025940C5F00D3974D /* WebVc.swift */; };
		45D962ED2594159F00D3974D /* SubTypeVc.swift in Sources */ = {isa = PBXBuildFile; fileRef = 45D962EB2594159F00D3974D /* SubTypeVc.swift */; };
		45D962EE2594159F00D3974D /* SubTypeVc.xib in Resources */ = {isa = PBXBuildFile; fileRef = 45D962EC2594159F00D3974D /* SubTypeVc.xib */; };
		45D962F22594182400D3974D /* ContentModel.swift in Sources */ = {isa = PBXBuildFile; fileRef = 45D962F12594182400D3974D /* ContentModel.swift */; };
		45D963052594EE4D00D3974D /* ApiDataSource.swift in Sources */ = {isa = PBXBuildFile; fileRef = 45D963042594EE4D00D3974D /* ApiDataSource.swift */; };
		45D9630C2594F17900D3974D /* Top_anime_8_upcoming.json in Resources */ = {isa = PBXBuildFile; fileRef = 45D9630B2594F17900D3974D /* Top_anime_8_upcoming.json */; };
		45D963112594F4AD00D3974D /* ApiDataSource.swift in Sources */ = {isa = PBXBuildFile; fileRef = 45D963042594EE4D00D3974D /* ApiDataSource.swift */; };
		45D963182594FC9500D3974D /* Top_anime_8_upcoming.json in Resources */ = {isa = PBXBuildFile; fileRef = 45D9630B2594F17900D3974D /* Top_anime_8_upcoming.json */; };
		86F760952593355700CAEF1A /* AppDelegate.swift in Sources */ = {isa = PBXBuildFile; fileRef = 86F760942593355700CAEF1A /* AppDelegate.swift */; };
		86F760972593355700CAEF1A /* SceneDelegate.swift in Sources */ = {isa = PBXBuildFile; fileRef = 86F760962593355700CAEF1A /* SceneDelegate.swift */; };
		86F760992593355700CAEF1A /* ViewController.swift in Sources */ = {isa = PBXBuildFile; fileRef = 86F760982593355700CAEF1A /* ViewController.swift */; };
		86F7609C2593355700CAEF1A /* Main.storyboard in Resources */ = {isa = PBXBuildFile; fileRef = 86F7609A2593355700CAEF1A /* Main.storyboard */; };
		86F7609E2593355900CAEF1A /* Assets.xcassets in Resources */ = {isa = PBXBuildFile; fileRef = 86F7609D2593355900CAEF1A /* Assets.xcassets */; };
		86F760A12593355900CAEF1A /* LaunchScreen.storyboard in Resources */ = {isa = PBXBuildFile; fileRef = 86F7609F2593355900CAEF1A /* LaunchScreen.storyboard */; };
		86F760AC2593355A00CAEF1A /* AnimeAndMangaViewerTests.swift in Sources */ = {isa = PBXBuildFile; fileRef = 86F760AB2593355A00CAEF1A /* AnimeAndMangaViewerTests.swift */; };
		86F760B72593355A00CAEF1A /* AnimeAndMangaViewerUITests.swift in Sources */ = {isa = PBXBuildFile; fileRef = 86F760B62593355A00CAEF1A /* AnimeAndMangaViewerUITests.swift */; };
		86F760C9259339C900CAEF1A /* WelcomeModel.swift in Sources */ = {isa = PBXBuildFile; fileRef = 86F760C8259339C900CAEF1A /* WelcomeModel.swift */; };
		86F760CF25933B5900CAEF1A /* TopModel.swift in Sources */ = {isa = PBXBuildFile; fileRef = 86F760CE25933B5900CAEF1A /* TopModel.swift */; };
		86F760DD2593437F00CAEF1A /* TaskSpec.swift in Sources */ = {isa = PBXBuildFile; fileRef = 86F760DC2593437F00CAEF1A /* TaskSpec.swift */; };
		86F760E2259344C000CAEF1A /* ApiService.swift in Sources */ = {isa = PBXBuildFile; fileRef = 86F760E1259344C000CAEF1A /* ApiService.swift */; };
		86F760E825934AF600CAEF1A /* TopTask.swift in Sources */ = {isa = PBXBuildFile; fileRef = 86F760E725934AF600CAEF1A /* TopTask.swift */; };
		86F760EE25934C5100CAEF1A /* JikanTask.swift in Sources */ = {isa = PBXBuildFile; fileRef = 86F760ED25934C5100CAEF1A /* JikanTask.swift */; };
		86F760F725934FAA00CAEF1A /* JikanEnum.swift in Sources */ = {isa = PBXBuildFile; fileRef = 86F760F625934FAA00CAEF1A /* JikanEnum.swift */; };
		86F7610825943AAC00CAEF1A /* ApiRepository.swift in Sources */ = {isa = PBXBuildFile; fileRef = 86F7610725943AAC00CAEF1A /* ApiRepository.swift */; };
/* End PBXBuildFile section */

/* Begin PBXContainerItemProxy section */
		86F760A82593355A00CAEF1A /* PBXContainerItemProxy */ = {
			isa = PBXContainerItemProxy;
			containerPortal = 86F760892593355700CAEF1A /* Project object */;
			proxyType = 1;
			remoteGlobalIDString = 86F760902593355700CAEF1A;
			remoteInfo = AnimeAndMangaViewer;
		};
		86F760B32593355A00CAEF1A /* PBXContainerItemProxy */ = {
			isa = PBXContainerItemProxy;
			containerPortal = 86F760892593355700CAEF1A /* Project object */;
			proxyType = 1;
			remoteGlobalIDString = 86F760902593355700CAEF1A;
			remoteInfo = AnimeAndMangaViewer;
		};
/* End PBXContainerItemProxy section */

/* Begin PBXCopyFilesBuildPhase section */
		45D962982593E4B900D3974D /* Embed Frameworks */ = {
			isa = PBXCopyFilesBuildPhase;
			buildActionMask = 2147483647;
			dstPath = "";
			dstSubfolderSpec = 10;
			files = (
			);
			name = "Embed Frameworks";
			runOnlyForDeploymentPostprocessing = 0;
		};
/* End PBXCopyFilesBuildPhase section */

/* Begin PBXFileReference section */
		45D962782593DFFA00D3974D /* MainViewModel.swift */ = {isa = PBXFileReference; lastKnownFileType = sourcecode.swift; path = MainViewModel.swift; sourceTree = "<group>"; };
		45D962C72593E75600D3974D /* ListVc.swift */ = {isa = PBXFileReference; lastKnownFileType = sourcecode.swift; path = ListVc.swift; sourceTree = "<group>"; };
		45D962C82593E75600D3974D /* ListVc.xib */ = {isa = PBXFileReference; lastKnownFileType = file.xib; path = ListVc.xib; sourceTree = "<group>"; };
		45D962CD2593E7C600D3974D /* SubTypeViewModel.swift */ = {isa = PBXFileReference; lastKnownFileType = sourcecode.swift; path = SubTypeViewModel.swift; sourceTree = "<group>"; };
		45D962D12593E98000D3974D /* ContentTableViewCell.swift */ = {isa = PBXFileReference; lastKnownFileType = sourcecode.swift; path = ContentTableViewCell.swift; sourceTree = "<group>"; };
		45D962D22593E98000D3974D /* ContentTableViewCell.xib */ = {isa = PBXFileReference; lastKnownFileType = file.xib; path = ContentTableViewCell.xib; sourceTree = "<group>"; };
		45D962D72593EB4900D3974D /* ContentTableViewCellViewModel.swift */ = {isa = PBXFileReference; lastKnownFileType = sourcecode.swift; path = ContentTableViewCellViewModel.swift; sourceTree = "<group>"; };
		45D962DB2593F62C00D3974D /* ContentViewModel.swift */ = {isa = PBXFileReference; lastKnownFileType = sourcecode.swift; path = ContentViewModel.swift; sourceTree = "<group>"; };
		45D962E025940C5F00D3974D /* WebVc.swift */ = {isa = PBXFileReference; lastKnownFileType = sourcecode.swift; path = WebVc.swift; sourceTree = "<group>"; };
		45D962EB2594159F00D3974D /* SubTypeVc.swift */ = {isa = PBXFileReference; lastKnownFileType = sourcecode.swift; path = SubTypeVc.swift; sourceTree = "<group>"; };
		45D962EC2594159F00D3974D /* SubTypeVc.xib */ = {isa = PBXFileReference; lastKnownFileType = file.xib; path = SubTypeVc.xib; sourceTree = "<group>"; };
		45D962F12594182400D3974D /* ContentModel.swift */ = {isa = PBXFileReference; lastKnownFileType = sourcecode.swift; path = ContentModel.swift; sourceTree = "<group>"; };
		45D963042594EE4D00D3974D /* ApiDataSource.swift */ = {isa = PBXFileReference; lastKnownFileType = sourcecode.swift; path = ApiDataSource.swift; sourceTree = "<group>"; };
		45D9630B2594F17900D3974D /* Top_anime_8_upcoming.json */ = {isa = PBXFileReference; lastKnownFileType = text.json; path = Top_anime_8_upcoming.json; sourceTree = "<group>"; };
		86F760912593355700CAEF1A /* AnimeAndMangaViewer.app */ = {isa = PBXFileReference; explicitFileType = wrapper.application; includeInIndex = 0; path = AnimeAndMangaViewer.app; sourceTree = BUILT_PRODUCTS_DIR; };
		86F760942593355700CAEF1A /* AppDelegate.swift */ = {isa = PBXFileReference; lastKnownFileType = sourcecode.swift; path = AppDelegate.swift; sourceTree = "<group>"; };
		86F760962593355700CAEF1A /* SceneDelegate.swift */ = {isa = PBXFileReference; lastKnownFileType = sourcecode.swift; path = SceneDelegate.swift; sourceTree = "<group>"; };
		86F760982593355700CAEF1A /* ViewController.swift */ = {isa = PBXFileReference; lastKnownFileType = sourcecode.swift; path = ViewController.swift; sourceTree = "<group>"; };
		86F7609B2593355700CAEF1A /* Base */ = {isa = PBXFileReference; lastKnownFileType = file.storyboard; name = Base; path = Base.lproj/Main.storyboard; sourceTree = "<group>"; };
		86F7609D2593355900CAEF1A /* Assets.xcassets */ = {isa = PBXFileReference; lastKnownFileType = folder.assetcatalog; path = Assets.xcassets; sourceTree = "<group>"; };
		86F760A02593355900CAEF1A /* Base */ = {isa = PBXFileReference; lastKnownFileType = file.storyboard; name = Base; path = Base.lproj/LaunchScreen.storyboard; sourceTree = "<group>"; };
		86F760A22593355900CAEF1A /* Info.plist */ = {isa = PBXFileReference; lastKnownFileType = text.plist.xml; path = Info.plist; sourceTree = "<group>"; };
		86F760A72593355A00CAEF1A /* AnimeAndMangaViewerTests.xctest */ = {isa = PBXFileReference; explicitFileType = wrapper.cfbundle; includeInIndex = 0; path = AnimeAndMangaViewerTests.xctest; sourceTree = BUILT_PRODUCTS_DIR; };
		86F760AB2593355A00CAEF1A /* AnimeAndMangaViewerTests.swift */ = {isa = PBXFileReference; lastKnownFileType = sourcecode.swift; path = AnimeAndMangaViewerTests.swift; sourceTree = "<group>"; };
		86F760AD2593355A00CAEF1A /* Info.plist */ = {isa = PBXFileReference; lastKnownFileType = text.plist.xml; path = Info.plist; sourceTree = "<group>"; };
		86F760B22593355A00CAEF1A /* AnimeAndMangaViewerUITests.xctest */ = {isa = PBXFileReference; explicitFileType = wrapper.cfbundle; includeInIndex = 0; path = AnimeAndMangaViewerUITests.xctest; sourceTree = BUILT_PRODUCTS_DIR; };
		86F760B62593355A00CAEF1A /* AnimeAndMangaViewerUITests.swift */ = {isa = PBXFileReference; lastKnownFileType = sourcecode.swift; path = AnimeAndMangaViewerUITests.swift; sourceTree = "<group>"; };
		86F760B82593355A00CAEF1A /* Info.plist */ = {isa = PBXFileReference; lastKnownFileType = text.plist.xml; path = Info.plist; sourceTree = "<group>"; };
		86F760C8259339C900CAEF1A /* WelcomeModel.swift */ = {isa = PBXFileReference; lastKnownFileType = sourcecode.swift; path = WelcomeModel.swift; sourceTree = "<group>"; };
		86F760CE25933B5900CAEF1A /* TopModel.swift */ = {isa = PBXFileReference; lastKnownFileType = sourcecode.swift; path = TopModel.swift; sourceTree = "<group>"; };
		86F760DC2593437F00CAEF1A /* TaskSpec.swift */ = {isa = PBXFileReference; lastKnownFileType = sourcecode.swift; path = TaskSpec.swift; sourceTree = "<group>"; };
		86F760E1259344C000CAEF1A /* ApiService.swift */ = {isa = PBXFileReference; lastKnownFileType = sourcecode.swift; path = ApiService.swift; sourceTree = "<group>"; };
		86F760E725934AF600CAEF1A /* TopTask.swift */ = {isa = PBXFileReference; lastKnownFileType = sourcecode.swift; path = TopTask.swift; sourceTree = "<group>"; };
		86F760ED25934C5100CAEF1A /* JikanTask.swift */ = {isa = PBXFileReference; lastKnownFileType = sourcecode.swift; path = JikanTask.swift; sourceTree = "<group>"; };
		86F760F625934FAA00CAEF1A /* JikanEnum.swift */ = {isa = PBXFileReference; lastKnownFileType = sourcecode.swift; path = JikanEnum.swift; sourceTree = "<group>"; };
		86F7610725943AAC00CAEF1A /* ApiRepository.swift */ = {isa = PBXFileReference; lastKnownFileType = sourcecode.swift; path = ApiRepository.swift; sourceTree = "<group>"; };
/* End PBXFileReference section */

/* Begin PBXFrameworksBuildPhase section */
		86F7608E2593355700CAEF1A /* Frameworks */ = {
			isa = PBXFrameworksBuildPhase;
			buildActionMask = 2147483647;
			files = (
				45D962C22593E5E900D3974D /* KingfisherStatic in Frameworks */,
				45D962C02593E5E900D3974D /* Kingfisher in Frameworks */,
			);
			runOnlyForDeploymentPostprocessing = 0;
		};
		86F760A42593355A00CAEF1A /* Frameworks */ = {
			isa = PBXFrameworksBuildPhase;
			buildActionMask = 2147483647;
			files = (
			);
			runOnlyForDeploymentPostprocessing = 0;
		};
		86F760AF2593355A00CAEF1A /* Frameworks */ = {
			isa = PBXFrameworksBuildPhase;
			buildActionMask = 2147483647;
			files = (
			);
			runOnlyForDeploymentPostprocessing = 0;
		};
/* End PBXFrameworksBuildPhase section */

/* Begin PBXGroup section */
		45D962772593DFE000D3974D /* ViewModel */ = {
			isa = PBXGroup;
			children = (
				45D962782593DFFA00D3974D /* MainViewModel.swift */,
				45D962CD2593E7C600D3974D /* SubTypeViewModel.swift */,
				45D962D72593EB4900D3974D /* ContentTableViewCellViewModel.swift */,
				45D962DB2593F62C00D3974D /* ContentViewModel.swift */,
			);
			path = ViewModel;
			sourceTree = "<group>";
		};
		45D962802593E38900D3974D /* Cell */ = {
			isa = PBXGroup;
			children = (
				45D962D12593E98000D3974D /* ContentTableViewCell.swift */,
				45D962D22593E98000D3974D /* ContentTableViewCell.xib */,
			);
			path = Cell;
			sourceTree = "<group>";
		};
		45D962812593E3CF00D3974D /* Vc */ = {
			isa = PBXGroup;
			children = (
				45D962EA2594158B00D3974D /* SubTypeVc */,
				45D962E025940C5F00D3974D /* WebVc.swift */,
				45D962C72593E75600D3974D /* ListVc.swift */,
				45D962C82593E75600D3974D /* ListVc.xib */,
			);
			path = Vc;
			sourceTree = "<group>";
		};
		45D962EA2594158B00D3974D /* SubTypeVc */ = {
			isa = PBXGroup;
			children = (
				45D962EB2594159F00D3974D /* SubTypeVc.swift */,
				45D962EC2594159F00D3974D /* SubTypeVc.xib */,
			);
			path = SubTypeVc;
			sourceTree = "<group>";
		};
		45D963032594ED5B00D3974D /* DataSouce */ = {
			isa = PBXGroup;
			children = (
				45D963042594EE4D00D3974D /* ApiDataSource.swift */,
			);
			path = DataSouce;
			sourceTree = "<group>";
		};
		45D9630A2594F11400D3974D /* Json */ = {
			isa = PBXGroup;
			children = (
				45D9630B2594F17900D3974D /* Top_anime_8_upcoming.json */,
			);
			path = Json;
			sourceTree = "<group>";
		};
		86F760882593355700CAEF1A = {
			isa = PBXGroup;
			children = (
				86F760932593355700CAEF1A /* AnimeAndMangaViewer */,
				86F760AA2593355A00CAEF1A /* AnimeAndMangaViewerTests */,
				86F760B52593355A00CAEF1A /* AnimeAndMangaViewerUITests */,
				86F760922593355700CAEF1A /* Products */,
			);
			sourceTree = "<group>";
		};
		86F760922593355700CAEF1A /* Products */ = {
			isa = PBXGroup;
			children = (
				86F760912593355700CAEF1A /* AnimeAndMangaViewer.app */,
				86F760A72593355A00CAEF1A /* AnimeAndMangaViewerTests.xctest */,
				86F760B22593355A00CAEF1A /* AnimeAndMangaViewerUITests.xctest */,
			);
			name = Products;
			sourceTree = "<group>";
		};
		86F760932593355700CAEF1A /* AnimeAndMangaViewer */ = {
			isa = PBXGroup;
			children = (
				45D963032594ED5B00D3974D /* DataSouce */,
				86F7610625943A9800CAEF1A /* Repository */,
				45D962812593E3CF00D3974D /* Vc */,
				45D962802593E38900D3974D /* Cell */,
				45D962772593DFE000D3974D /* ViewModel */,
				86F760DA2593435400CAEF1A /* Service */,
				86F760C72593394C00CAEF1A /* Model */,
				86F760942593355700CAEF1A /* AppDelegate.swift */,
				86F760962593355700CAEF1A /* SceneDelegate.swift */,
				86F760982593355700CAEF1A /* ViewController.swift */,
				86F7609A2593355700CAEF1A /* Main.storyboard */,
				86F7609D2593355900CAEF1A /* Assets.xcassets */,
				86F7609F2593355900CAEF1A /* LaunchScreen.storyboard */,
				86F760A22593355900CAEF1A /* Info.plist */,
			);
			path = AnimeAndMangaViewer;
			sourceTree = "<group>";
		};
		86F760AA2593355A00CAEF1A /* AnimeAndMangaViewerTests */ = {
			isa = PBXGroup;
			children = (
				45D9630A2594F11400D3974D /* Json */,
				86F760AB2593355A00CAEF1A /* AnimeAndMangaViewerTests.swift */,
				86F760AD2593355A00CAEF1A /* Info.plist */,
			);
			path = AnimeAndMangaViewerTests;
			sourceTree = "<group>";
		};
		86F760B52593355A00CAEF1A /* AnimeAndMangaViewerUITests */ = {
			isa = PBXGroup;
			children = (
				86F760B62593355A00CAEF1A /* AnimeAndMangaViewerUITests.swift */,
				86F760B82593355A00CAEF1A /* Info.plist */,
			);
			path = AnimeAndMangaViewerUITests;
			sourceTree = "<group>";
		};
		86F760C72593394C00CAEF1A /* Model */ = {
			isa = PBXGroup;
			children = (
				86F760F525934F9000CAEF1A /* JikanEnum */,
				86F760C8259339C900CAEF1A /* WelcomeModel.swift */,
				86F760CD25933B0900CAEF1A /* TopModel */,
				45D962F12594182400D3974D /* ContentModel.swift */,
			);
			path = Model;
			sourceTree = "<group>";
		};
		86F760CD25933B0900CAEF1A /* TopModel */ = {
			isa = PBXGroup;
			children = (
				86F760CE25933B5900CAEF1A /* TopModel.swift */,
			);
			path = TopModel;
			sourceTree = "<group>";
		};
		86F760DA2593435400CAEF1A /* Service */ = {
			isa = PBXGroup;
			children = (
				86F760DB2593436600CAEF1A /* Task */,
				86F760E1259344C000CAEF1A /* ApiService.swift */,
			);
			path = Service;
			sourceTree = "<group>";
		};
		86F760DB2593436600CAEF1A /* Task */ = {
			isa = PBXGroup;
			children = (
				86F760DC2593437F00CAEF1A /* TaskSpec.swift */,
				86F760EC25934C3E00CAEF1A /* JikanTask */,
			);
			path = Task;
			sourceTree = "<group>";
		};
		86F760E625934AE700CAEF1A /* TopTask */ = {
			isa = PBXGroup;
			children = (
				86F760E725934AF600CAEF1A /* TopTask.swift */,
			);
			path = TopTask;
			sourceTree = "<group>";
		};
		86F760EC25934C3E00CAEF1A /* JikanTask */ = {
			isa = PBXGroup;
			children = (
				86F760ED25934C5100CAEF1A /* JikanTask.swift */,
				86F760E625934AE700CAEF1A /* TopTask */,
			);
			path = JikanTask;
			sourceTree = "<group>";
		};
		86F760F525934F9000CAEF1A /* JikanEnum */ = {
			isa = PBXGroup;
			children = (
				86F760F625934FAA00CAEF1A /* JikanEnum.swift */,
			);
			path = JikanEnum;
			sourceTree = "<group>";
		};
		86F7610625943A9800CAEF1A /* Repository */ = {
			isa = PBXGroup;
			children = (
				86F7610725943AAC00CAEF1A /* ApiRepository.swift */,
			);
			path = Repository;
			sourceTree = "<group>";
		};
/* End PBXGroup section */

/* Begin PBXNativeTarget section */
		86F760902593355700CAEF1A /* AnimeAndMangaViewer */ = {
			isa = PBXNativeTarget;
			buildConfigurationList = 86F760BB2593355A00CAEF1A /* Build configuration list for PBXNativeTarget "AnimeAndMangaViewer" */;
			buildPhases = (
				86F7608D2593355700CAEF1A /* Sources */,
				86F7608E2593355700CAEF1A /* Frameworks */,
				86F7608F2593355700CAEF1A /* Resources */,
				45D962982593E4B900D3974D /* Embed Frameworks */,
			);
			buildRules = (
			);
			dependencies = (
			);
			name = AnimeAndMangaViewer;
			packageProductDependencies = (
				45D962BF2593E5E900D3974D /* Kingfisher */,
				45D962C12593E5E900D3974D /* KingfisherStatic */,
			);
			productName = AnimeAndMangaViewer;
			productReference = 86F760912593355700CAEF1A /* AnimeAndMangaViewer.app */;
			productType = "com.apple.product-type.application";
		};
		86F760A62593355A00CAEF1A /* AnimeAndMangaViewerTests */ = {
			isa = PBXNativeTarget;
			buildConfigurationList = 86F760BE2593355A00CAEF1A /* Build configuration list for PBXNativeTarget "AnimeAndMangaViewerTests" */;
			buildPhases = (
				86F760A32593355A00CAEF1A /* Sources */,
				86F760A42593355A00CAEF1A /* Frameworks */,
				86F760A52593355A00CAEF1A /* Resources */,
			);
			buildRules = (
			);
			dependencies = (
				86F760A92593355A00CAEF1A /* PBXTargetDependency */,
			);
			name = AnimeAndMangaViewerTests;
			productName = AnimeAndMangaViewerTests;
			productReference = 86F760A72593355A00CAEF1A /* AnimeAndMangaViewerTests.xctest */;
			productType = "com.apple.product-type.bundle.unit-test";
		};
		86F760B12593355A00CAEF1A /* AnimeAndMangaViewerUITests */ = {
			isa = PBXNativeTarget;
			buildConfigurationList = 86F760C12593355A00CAEF1A /* Build configuration list for PBXNativeTarget "AnimeAndMangaViewerUITests" */;
			buildPhases = (
				86F760AE2593355A00CAEF1A /* Sources */,
				86F760AF2593355A00CAEF1A /* Frameworks */,
				86F760B02593355A00CAEF1A /* Resources */,
			);
			buildRules = (
			);
			dependencies = (
				86F760B42593355A00CAEF1A /* PBXTargetDependency */,
			);
			name = AnimeAndMangaViewerUITests;
			productName = AnimeAndMangaViewerUITests;
			productReference = 86F760B22593355A00CAEF1A /* AnimeAndMangaViewerUITests.xctest */;
			productType = "com.apple.product-type.bundle.ui-testing";
		};
/* End PBXNativeTarget section */

/* Begin PBXProject section */
		86F760892593355700CAEF1A /* Project object */ = {
			isa = PBXProject;
			attributes = {
				LastSwiftUpdateCheck = 1220;
				LastUpgradeCheck = 1220;
				TargetAttributes = {
					86F760902593355700CAEF1A = {
						CreatedOnToolsVersion = 12.2;
					};
					86F760A62593355A00CAEF1A = {
						CreatedOnToolsVersion = 12.2;
						TestTargetID = 86F760902593355700CAEF1A;
					};
					86F760B12593355A00CAEF1A = {
						CreatedOnToolsVersion = 12.2;
						TestTargetID = 86F760902593355700CAEF1A;
					};
				};
			};
			buildConfigurationList = 86F7608C2593355700CAEF1A /* Build configuration list for PBXProject "AnimeAndMangaViewer" */;
			compatibilityVersion = "Xcode 9.3";
			developmentRegion = en;
			hasScannedForEncodings = 0;
			knownRegions = (
				en,
				Base,
			);
			mainGroup = 86F760882593355700CAEF1A;
			packageReferences = (
				45D962BE2593E5E900D3974D /* XCRemoteSwiftPackageReference "Kingfisher" */,
			);
			productRefGroup = 86F760922593355700CAEF1A /* Products */;
			projectDirPath = "";
			projectRoot = "";
			targets = (
				86F760902593355700CAEF1A /* AnimeAndMangaViewer */,
				86F760A62593355A00CAEF1A /* AnimeAndMangaViewerTests */,
				86F760B12593355A00CAEF1A /* AnimeAndMangaViewerUITests */,
			);
		};
/* End PBXProject section */

/* Begin PBXResourcesBuildPhase section */
		86F7608F2593355700CAEF1A /* Resources */ = {
			isa = PBXResourcesBuildPhase;
			buildActionMask = 2147483647;
			files = (
				45D962CA2593E75600D3974D /* ListVc.xib in Resources */,
				45D962EE2594159F00D3974D /* SubTypeVc.xib in Resources */,
				86F760A12593355900CAEF1A /* LaunchScreen.storyboard in Resources */,
				45D963182594FC9500D3974D /* Top_anime_8_upcoming.json in Resources */,
				86F7609E2593355900CAEF1A /* Assets.xcassets in Resources */,
				86F7609C2593355700CAEF1A /* Main.storyboard in Resources */,
				45D962D42593E98000D3974D /* ContentTableViewCell.xib in Resources */,
			);
			runOnlyForDeploymentPostprocessing = 0;
		};
		86F760A52593355A00CAEF1A /* Resources */ = {
			isa = PBXResourcesBuildPhase;
			buildActionMask = 2147483647;
			files = (
				45D9630C2594F17900D3974D /* Top_anime_8_upcoming.json in Resources */,
			);
			runOnlyForDeploymentPostprocessing = 0;
		};
		86F760B02593355A00CAEF1A /* Resources */ = {
			isa = PBXResourcesBuildPhase;
			buildActionMask = 2147483647;
			files = (
			);
			runOnlyForDeploymentPostprocessing = 0;
		};
/* End PBXResourcesBuildPhase section */

/* Begin PBXSourcesBuildPhase section */
		86F7608D2593355700CAEF1A /* Sources */ = {
			isa = PBXSourcesBuildPhase;
			buildActionMask = 2147483647;
			files = (
				45D962C92593E75600D3974D /* ListVc.swift in Sources */,
				86F760992593355700CAEF1A /* ViewController.swift in Sources */,
				86F760F725934FAA00CAEF1A /* JikanEnum.swift in Sources */,
				86F760DD2593437F00CAEF1A /* TaskSpec.swift in Sources */,
				86F760C9259339C900CAEF1A /* WelcomeModel.swift in Sources */,
				45D963052594EE4D00D3974D /* ApiDataSource.swift in Sources */,
				45D962E125940C5F00D3974D /* WebVc.swift in Sources */,
				45D962CE2593E7C600D3974D /* SubTypeViewModel.swift in Sources */,
				86F760952593355700CAEF1A /* AppDelegate.swift in Sources */,
				86F760EE25934C5100CAEF1A /* JikanTask.swift in Sources */,
				45D962DC2593F62C00D3974D /* ContentViewModel.swift in Sources */,
				86F760CF25933B5900CAEF1A /* TopModel.swift in Sources */,
				86F760E2259344C000CAEF1A /* ApiService.swift in Sources */,
				86F760E825934AF600CAEF1A /* TopTask.swift in Sources */,
				45D962ED2594159F00D3974D /* SubTypeVc.swift in Sources */,
				45D962F22594182400D3974D /* ContentModel.swift in Sources */,
				45D962D82593EB4900D3974D /* ContentTableViewCellViewModel.swift in Sources */,
				86F7610825943AAC00CAEF1A /* ApiRepository.swift in Sources */,
				45D962D32593E98000D3974D /* ContentTableViewCell.swift in Sources */,
				86F760972593355700CAEF1A /* SceneDelegate.swift in Sources */,
				45D962792593DFFA00D3974D /* MainViewModel.swift in Sources */,
			);
			runOnlyForDeploymentPostprocessing = 0;
		};
		86F760A32593355A00CAEF1A /* Sources */ = {
			isa = PBXSourcesBuildPhase;
			buildActionMask = 2147483647;
			files = (
				86F760AC2593355A00CAEF1A /* AnimeAndMangaViewerTests.swift in Sources */,
				45D963112594F4AD00D3974D /* ApiDataSource.swift in Sources */,
			);
			runOnlyForDeploymentPostprocessing = 0;
		};
		86F760AE2593355A00CAEF1A /* Sources */ = {
			isa = PBXSourcesBuildPhase;
			buildActionMask = 2147483647;
			files = (
				86F760B72593355A00CAEF1A /* AnimeAndMangaViewerUITests.swift in Sources */,
			);
			runOnlyForDeploymentPostprocessing = 0;
		};
/* End PBXSourcesBuildPhase section */

/* Begin PBXTargetDependency section */
		86F760A92593355A00CAEF1A /* PBXTargetDependency */ = {
			isa = PBXTargetDependency;
			target = 86F760902593355700CAEF1A /* AnimeAndMangaViewer */;
			targetProxy = 86F760A82593355A00CAEF1A /* PBXContainerItemProxy */;
		};
		86F760B42593355A00CAEF1A /* PBXTargetDependency */ = {
			isa = PBXTargetDependency;
			target = 86F760902593355700CAEF1A /* AnimeAndMangaViewer */;
			targetProxy = 86F760B32593355A00CAEF1A /* PBXContainerItemProxy */;
		};
/* End PBXTargetDependency section */

/* Begin PBXVariantGroup section */
		86F7609A2593355700CAEF1A /* Main.storyboard */ = {
			isa = PBXVariantGroup;
			children = (
				86F7609B2593355700CAEF1A /* Base */,
			);
			name = Main.storyboard;
			sourceTree = "<group>";
		};
		86F7609F2593355900CAEF1A /* LaunchScreen.storyboard */ = {
			isa = PBXVariantGroup;
			children = (
				86F760A02593355900CAEF1A /* Base */,
			);
			name = LaunchScreen.storyboard;
			sourceTree = "<group>";
		};
/* End PBXVariantGroup section */

/* Begin XCBuildConfiguration section */
		86F760B92593355A00CAEF1A /* Debug */ = {
			isa = XCBuildConfiguration;
			buildSettings = {
				ALWAYS_SEARCH_USER_PATHS = NO;
				CLANG_ANALYZER_NONNULL = YES;
				CLANG_ANALYZER_NUMBER_OBJECT_CONVERSION = YES_AGGRESSIVE;
				CLANG_CXX_LANGUAGE_STANDARD = "gnu++14";
				CLANG_CXX_LIBRARY = "libc++";
				CLANG_ENABLE_MODULES = YES;
				CLANG_ENABLE_OBJC_ARC = YES;
				CLANG_ENABLE_OBJC_WEAK = YES;
				CLANG_WARN_BLOCK_CAPTURE_AUTORELEASING = YES;
				CLANG_WARN_BOOL_CONVERSION = YES;
				CLANG_WARN_COMMA = YES;
				CLANG_WARN_CONSTANT_CONVERSION = YES;
				CLANG_WARN_DEPRECATED_OBJC_IMPLEMENTATIONS = YES;
				CLANG_WARN_DIRECT_OBJC_ISA_USAGE = YES_ERROR;
				CLANG_WARN_DOCUMENTATION_COMMENTS = YES;
				CLANG_WARN_EMPTY_BODY = YES;
				CLANG_WARN_ENUM_CONVERSION = YES;
				CLANG_WARN_INFINITE_RECURSION = YES;
				CLANG_WARN_INT_CONVERSION = YES;
				CLANG_WARN_NON_LITERAL_NULL_CONVERSION = YES;
				CLANG_WARN_OBJC_IMPLICIT_RETAIN_SELF = YES;
				CLANG_WARN_OBJC_LITERAL_CONVERSION = YES;
				CLANG_WARN_OBJC_ROOT_CLASS = YES_ERROR;
				CLANG_WARN_QUOTED_INCLUDE_IN_FRAMEWORK_HEADER = YES;
				CLANG_WARN_RANGE_LOOP_ANALYSIS = YES;
				CLANG_WARN_STRICT_PROTOTYPES = YES;
				CLANG_WARN_SUSPICIOUS_MOVE = YES;
				CLANG_WARN_UNGUARDED_AVAILABILITY = YES_AGGRESSIVE;
				CLANG_WARN_UNREACHABLE_CODE = YES;
				CLANG_WARN__DUPLICATE_METHOD_MATCH = YES;
				COPY_PHASE_STRIP = NO;
				DEBUG_INFORMATION_FORMAT = dwarf;
				ENABLE_STRICT_OBJC_MSGSEND = YES;
				ENABLE_TESTABILITY = YES;
				GCC_C_LANGUAGE_STANDARD = gnu11;
				GCC_DYNAMIC_NO_PIC = NO;
				GCC_NO_COMMON_BLOCKS = YES;
				GCC_OPTIMIZATION_LEVEL = 0;
				GCC_PREPROCESSOR_DEFINITIONS = (
					"DEBUG=1",
					"$(inherited)",
				);
				GCC_WARN_64_TO_32_BIT_CONVERSION = YES;
				GCC_WARN_ABOUT_RETURN_TYPE = YES_ERROR;
				GCC_WARN_UNDECLARED_SELECTOR = YES;
				GCC_WARN_UNINITIALIZED_AUTOS = YES_AGGRESSIVE;
				GCC_WARN_UNUSED_FUNCTION = YES;
				GCC_WARN_UNUSED_VARIABLE = YES;
				IPHONEOS_DEPLOYMENT_TARGET = 14.2;
				MTL_ENABLE_DEBUG_INFO = INCLUDE_SOURCE;
				MTL_FAST_MATH = YES;
				ONLY_ACTIVE_ARCH = YES;
				SDKROOT = iphoneos;
				SWIFT_ACTIVE_COMPILATION_CONDITIONS = DEBUG;
				SWIFT_OPTIMIZATION_LEVEL = "-Onone";
			};
			name = Debug;
		};
		86F760BA2593355A00CAEF1A /* Release */ = {
			isa = XCBuildConfiguration;
			buildSettings = {
				ALWAYS_SEARCH_USER_PATHS = NO;
				CLANG_ANALYZER_NONNULL = YES;
				CLANG_ANALYZER_NUMBER_OBJECT_CONVERSION = YES_AGGRESSIVE;
				CLANG_CXX_LANGUAGE_STANDARD = "gnu++14";
				CLANG_CXX_LIBRARY = "libc++";
				CLANG_ENABLE_MODULES = YES;
				CLANG_ENABLE_OBJC_ARC = YES;
				CLANG_ENABLE_OBJC_WEAK = YES;
				CLANG_WARN_BLOCK_CAPTURE_AUTORELEASING = YES;
				CLANG_WARN_BOOL_CONVERSION = YES;
				CLANG_WARN_COMMA = YES;
				CLANG_WARN_CONSTANT_CONVERSION = YES;
				CLANG_WARN_DEPRECATED_OBJC_IMPLEMENTATIONS = YES;
				CLANG_WARN_DIRECT_OBJC_ISA_USAGE = YES_ERROR;
				CLANG_WARN_DOCUMENTATION_COMMENTS = YES;
				CLANG_WARN_EMPTY_BODY = YES;
				CLANG_WARN_ENUM_CONVERSION = YES;
				CLANG_WARN_INFINITE_RECURSION = YES;
				CLANG_WARN_INT_CONVERSION = YES;
				CLANG_WARN_NON_LITERAL_NULL_CONVERSION = YES;
				CLANG_WARN_OBJC_IMPLICIT_RETAIN_SELF = YES;
				CLANG_WARN_OBJC_LITERAL_CONVERSION = YES;
				CLANG_WARN_OBJC_ROOT_CLASS = YES_ERROR;
				CLANG_WARN_QUOTED_INCLUDE_IN_FRAMEWORK_HEADER = YES;
				CLANG_WARN_RANGE_LOOP_ANALYSIS = YES;
				CLANG_WARN_STRICT_PROTOTYPES = YES;
				CLANG_WARN_SUSPICIOUS_MOVE = YES;
				CLANG_WARN_UNGUARDED_AVAILABILITY = YES_AGGRESSIVE;
				CLANG_WARN_UNREACHABLE_CODE = YES;
				CLANG_WARN__DUPLICATE_METHOD_MATCH = YES;
				COPY_PHASE_STRIP = NO;
				DEBUG_INFORMATION_FORMAT = "dwarf-with-dsym";
				ENABLE_NS_ASSERTIONS = NO;
				ENABLE_STRICT_OBJC_MSGSEND = YES;
				GCC_C_LANGUAGE_STANDARD = gnu11;
				GCC_NO_COMMON_BLOCKS = YES;
				GCC_WARN_64_TO_32_BIT_CONVERSION = YES;
				GCC_WARN_ABOUT_RETURN_TYPE = YES_ERROR;
				GCC_WARN_UNDECLARED_SELECTOR = YES;
				GCC_WARN_UNINITIALIZED_AUTOS = YES_AGGRESSIVE;
				GCC_WARN_UNUSED_FUNCTION = YES;
				GCC_WARN_UNUSED_VARIABLE = YES;
				IPHONEOS_DEPLOYMENT_TARGET = 14.2;
				MTL_ENABLE_DEBUG_INFO = NO;
				MTL_FAST_MATH = YES;
				SDKROOT = iphoneos;
				SWIFT_COMPILATION_MODE = wholemodule;
				SWIFT_OPTIMIZATION_LEVEL = "-O";
				VALIDATE_PRODUCT = YES;
			};
			name = Release;
		};
		86F760BC2593355A00CAEF1A /* Debug */ = {
			isa = XCBuildConfiguration;
			buildSettings = {
				ASSETCATALOG_COMPILER_APPICON_NAME = AppIcon;
				ASSETCATALOG_COMPILER_GLOBAL_ACCENT_COLOR_NAME = AccentColor;
				CODE_SIGN_STYLE = Automatic;
				DEVELOPMENT_TEAM = J46ZPGV247;
				INFOPLIST_FILE = AnimeAndMangaViewer/Info.plist;
				LD_RUNPATH_SEARCH_PATHS = (
					"$(inherited)",
					"@executable_path/Frameworks",
				);
				PRODUCT_BUNDLE_IDENTIFIER = idv.MasqurinHu.AnimeAndMangaViewer;
				PRODUCT_NAME = "$(TARGET_NAME)";
				SWIFT_VERSION = 5.0;
				TARGETED_DEVICE_FAMILY = "1,2";
			};
			name = Debug;
		};
		86F760BD2593355A00CAEF1A /* Release */ = {
			isa = XCBuildConfiguration;
			buildSettings = {
				ASSETCATALOG_COMPILER_APPICON_NAME = AppIcon;
				ASSETCATALOG_COMPILER_GLOBAL_ACCENT_COLOR_NAME = AccentColor;
				CODE_SIGN_STYLE = Automatic;
				DEVELOPMENT_TEAM = J46ZPGV247;
				INFOPLIST_FILE = AnimeAndMangaViewer/Info.plist;
				LD_RUNPATH_SEARCH_PATHS = (
					"$(inherited)",
					"@executable_path/Frameworks",
				);
				PRODUCT_BUNDLE_IDENTIFIER = idv.MasqurinHu.AnimeAndMangaViewer;
				PRODUCT_NAME = "$(TARGET_NAME)";
				SWIFT_VERSION = 5.0;
				TARGETED_DEVICE_FAMILY = "1,2";
			};
			name = Release;
		};
		86F760BF2593355A00CAEF1A /* Debug */ = {
			isa = XCBuildConfiguration;
			buildSettings = {
				ALWAYS_EMBED_SWIFT_STANDARD_LIBRARIES = YES;
				BUNDLE_LOADER = "$(TEST_HOST)";
				CODE_SIGN_STYLE = Automatic;
				DEVELOPMENT_TEAM = J46ZPGV247;
				INFOPLIST_FILE = AnimeAndMangaViewerTests/Info.plist;
				IPHONEOS_DEPLOYMENT_TARGET = 14.2;
				LD_RUNPATH_SEARCH_PATHS = (
					"$(inherited)",
					"@executable_path/Frameworks",
					"@loader_path/Frameworks",
				);
				PRODUCT_BUNDLE_IDENTIFIER = idv.MasqurinHu.AnimeAndMangaViewerTests;
				PRODUCT_NAME = "$(TARGET_NAME)";
				SWIFT_VERSION = 5.0;
				TARGETED_DEVICE_FAMILY = "1,2";
				TEST_HOST = "$(BUILT_PRODUCTS_DIR)/AnimeAndMangaViewer.app/AnimeAndMangaViewer";
			};
			name = Debug;
		};
		86F760C02593355A00CAEF1A /* Release */ = {
			isa = XCBuildConfiguration;
			buildSettings = {
				ALWAYS_EMBED_SWIFT_STANDARD_LIBRARIES = YES;
				BUNDLE_LOADER = "$(TEST_HOST)";
				CODE_SIGN_STYLE = Automatic;
				DEVELOPMENT_TEAM = J46ZPGV247;
				INFOPLIST_FILE = AnimeAndMangaViewerTests/Info.plist;
				IPHONEOS_DEPLOYMENT_TARGET = 14.2;
				LD_RUNPATH_SEARCH_PATHS = (
					"$(inherited)",
					"@executable_path/Frameworks",
					"@loader_path/Frameworks",
				);
				PRODUCT_BUNDLE_IDENTIFIER = idv.MasqurinHu.AnimeAndMangaViewerTests;
				PRODUCT_NAME = "$(TARGET_NAME)";
				SWIFT_VERSION = 5.0;
				TARGETED_DEVICE_FAMILY = "1,2";
				TEST_HOST = "$(BUILT_PRODUCTS_DIR)/AnimeAndMangaViewer.app/AnimeAndMangaViewer";
			};
			name = Release;
		};
		86F760C22593355A00CAEF1A /* Debug */ = {
			isa = XCBuildConfiguration;
			buildSettings = {
				ALWAYS_EMBED_SWIFT_STANDARD_LIBRARIES = YES;
				CODE_SIGN_STYLE = Automatic;
				DEVELOPMENT_TEAM = J46ZPGV247;
				INFOPLIST_FILE = AnimeAndMangaViewerUITests/Info.plist;
				LD_RUNPATH_SEARCH_PATHS = (
					"$(inherited)",
					"@executable_path/Frameworks",
					"@loader_path/Frameworks",
				);
				PRODUCT_BUNDLE_IDENTIFIER = idv.MasqurinHu.AnimeAndMangaViewerUITests;
				PRODUCT_NAME = "$(TARGET_NAME)";
				SWIFT_VERSION = 5.0;
				TARGETED_DEVICE_FAMILY = "1,2";
				TEST_TARGET_NAME = AnimeAndMangaViewer;
			};
			name = Debug;
		};
		86F760C32593355A00CAEF1A /* Release */ = {
			isa = XCBuildConfiguration;
			buildSettings = {
				ALWAYS_EMBED_SWIFT_STANDARD_LIBRARIES = YES;
				CODE_SIGN_STYLE = Automatic;
				DEVELOPMENT_TEAM = J46ZPGV247;
				INFOPLIST_FILE = AnimeAndMangaViewerUITests/Info.plist;
				LD_RUNPATH_SEARCH_PATHS = (
					"$(inherited)",
					"@executable_path/Frameworks",
					"@loader_path/Frameworks",
				);
				PRODUCT_BUNDLE_IDENTIFIER = idv.MasqurinHu.AnimeAndMangaViewerUITests;
				PRODUCT_NAME = "$(TARGET_NAME)";
				SWIFT_VERSION = 5.0;
				TARGETED_DEVICE_FAMILY = "1,2";
				TEST_TARGET_NAME = AnimeAndMangaViewer;
			};
			name = Release;
		};
/* End XCBuildConfiguration section */

/* Begin XCConfigurationList section */
		86F7608C2593355700CAEF1A /* Build configuration list for PBXProject "AnimeAndMangaViewer" */ = {
			isa = XCConfigurationList;
			buildConfigurations = (
				86F760B92593355A00CAEF1A /* Debug */,
				86F760BA2593355A00CAEF1A /* Release */,
			);
			defaultConfigurationIsVisible = 0;
			defaultConfigurationName = Release;
		};
		86F760BB2593355A00CAEF1A /* Build configuration list for PBXNativeTarget "AnimeAndMangaViewer" */ = {
			isa = XCConfigurationList;
			buildConfigurations = (
				86F760BC2593355A00CAEF1A /* Debug */,
				86F760BD2593355A00CAEF1A /* Release */,
			);
			defaultConfigurationIsVisible = 0;
			defaultConfigurationName = Release;
		};
		86F760BE2593355A00CAEF1A /* Build configuration list for PBXNativeTarget "AnimeAndMangaViewerTests" */ = {
			isa = XCConfigurationList;
			buildConfigurations = (
				86F760BF2593355A00CAEF1A /* Debug */,
				86F760C02593355A00CAEF1A /* Release */,
			);
			defaultConfigurationIsVisible = 0;
			defaultConfigurationName = Release;
		};
		86F760C12593355A00CAEF1A /* Build configuration list for PBXNativeTarget "AnimeAndMangaViewerUITests" */ = {
			isa = XCConfigurationList;
			buildConfigurations = (
				86F760C22593355A00CAEF1A /* Debug */,
				86F760C32593355A00CAEF1A /* Release */,
			);
			defaultConfigurationIsVisible = 0;
			defaultConfigurationName = Release;
		};
/* End XCConfigurationList section */

/* Begin XCRemoteSwiftPackageReference section */
		45D962BE2593E5E900D3974D /* XCRemoteSwiftPackageReference "Kingfisher" */ = {
			isa = XCRemoteSwiftPackageReference;
			repositoryURL = "https://github.com/onevcat/Kingfisher.git";
			requirement = {
				kind = upToNextMajorVersion;
				minimumVersion = 5.15.8;
			};
		};
/* End XCRemoteSwiftPackageReference section */

/* Begin XCSwiftPackageProductDependency section */
		45D962BF2593E5E900D3974D /* Kingfisher */ = {
			isa = XCSwiftPackageProductDependency;
			package = 45D962BE2593E5E900D3974D /* XCRemoteSwiftPackageReference "Kingfisher" */;
			productName = Kingfisher;
		};
		45D962C12593E5E900D3974D /* KingfisherStatic */ = {
			isa = XCSwiftPackageProductDependency;
			package = 45D962BE2593E5E900D3974D /* XCRemoteSwiftPackageReference "Kingfisher" */;
			productName = KingfisherStatic;
		};
/* End XCSwiftPackageProductDependency section */
	};
	rootObject = 86F760892593355700CAEF1A /* Project object */;
}
